
Microsoft Visual Studio Solution File, Format Version 12.00
# Visual Studio Version 16
VisualStudioVersion = 16.0.32106.194
MinimumVisualStudioVersion = 10.0.40219.1
Project("{8BC9CEB8-8B4A-11D0-8D11-00A0C91BC942}") = "TheSupermarketQueue", "TheSupermarketQueue\TheSupermarketQueue.vcxproj", "{297129D5-F5A1-4313-A9F4-3F61775BFA12}"
EndProject
Global
	GlobalSection(SolutionConfigurationPlatforms) = preSolution
		Debug|x64 = Debug|x64
		Debug|x86 = Debug|x86
		Release|x64 = Release|x64
		Release|x86 = Release|x86
	EndGlobalSection
	GlobalSection(ProjectConfigurationPlatforms) = postSolution
		{297129D5-F5A1-4313-A9F4-3F61775BFA12}.Debug|x64.ActiveCfg = Debug|x64
		{297129D5-F5A1-4313-A9F4-3F61775BFA12}.Debug|x64.Build.0 = Debug|x64
		{297129D5-F5A1-4313-A9F4-3F61775BFA12}.Debug|x86.ActiveCfg = Debug|Win32
		{297129D5-F5A1-4313-A9F4-3F61775BFA12}.Debug|x86.Build.0 = Debug|Win32
		{297129D5-F5A1-4313-A9F4-3F61775BFA12}.Release|x64.ActiveCfg = Release|x64
		{297129D5-F5A1-4313-A9F4-3F61775BFA12}.Release|x64.Build.0 = Release|x64
		{297129D5-F5A1-4313-A9F4-3F61775BFA12}.Release|x86.ActiveCfg = Release|Win32
		{297129D5-F5A1-4313-A9F4-3F61775BFA12}.Release|x86.Build.0 = Release|Win32
	EndGlobalSection
	GlobalSection(SolutionProperties) = preSolution
		HideSolutionNode = FALSE
	EndGlobalSection
	GlobalSection(ExtensibilityGlobals) = postSolution
		SolutionGuid = {995B1516-289F-442E-8E69-64A3CAFE531D}
	EndGlobalSection
EndGlobal
